// !$*UTF8*$!
{
	archiveVersion = 1;
	classes = {
	};
	objectVersion = 48;
	objects = {

/* Begin PBXBuildFile section */
		5D5119D41FC401C600A66D30 /* CachedMovie+CoreDataClass.swift in Sources */ = {isa = PBXBuildFile; fileRef = 5D5119D21FC401C600A66D30 /* CachedMovie+CoreDataClass.swift */; };
		5D5119D51FC401C600A66D30 /* CachedMovie+CoreDataProperties.swift in Sources */ = {isa = PBXBuildFile; fileRef = 5D5119D31FC401C600A66D30 /* CachedMovie+CoreDataProperties.swift */; };
		5D5119D71FC417DA00A66D30 /* MovieManager.swift in Sources */ = {isa = PBXBuildFile; fileRef = 5D5119D61FC417DA00A66D30 /* MovieManager.swift */; };
		5DE4106B1FC11FF6002891C7 /* AppDelegate.swift in Sources */ = {isa = PBXBuildFile; fileRef = 5DE4106A1FC11FF6002891C7 /* AppDelegate.swift */; };
		5DE410701FC11FF6002891C7 /* Main.storyboard in Resources */ = {isa = PBXBuildFile; fileRef = 5DE4106E1FC11FF6002891C7 /* Main.storyboard */; };
		5DE410721FC11FF6002891C7 /* Assets.xcassets in Resources */ = {isa = PBXBuildFile; fileRef = 5DE410711FC11FF6002891C7 /* Assets.xcassets */; };
		5DE410751FC11FF6002891C7 /* LaunchScreen.storyboard in Resources */ = {isa = PBXBuildFile; fileRef = 5DE410731FC11FF6002891C7 /* LaunchScreen.storyboard */; };
		5DE410891FC1373C002891C7 /* Networking.swift in Sources */ = {isa = PBXBuildFile; fileRef = 5DE410871FC1373C002891C7 /* Networking.swift */; };
		5DE4108A1FC1373C002891C7 /* TMDBAPIClient.swift in Sources */ = {isa = PBXBuildFile; fileRef = 5DE410881FC1373C002891C7 /* TMDBAPIClient.swift */; };
		5DE4108C1FC13744002891C7 /* Secrets.swift in Sources */ = {isa = PBXBuildFile; fileRef = 5DE4108B1FC13744002891C7 /* Secrets.swift */; };
		5DE4108E1FC1395D002891C7 /* Logger.swift in Sources */ = {isa = PBXBuildFile; fileRef = 5DE4108D1FC1395D002891C7 /* Logger.swift */; };
		5DE410941FC21A49002891C7 /* TMDBRouter.swift in Sources */ = {isa = PBXBuildFile; fileRef = 5DE410931FC21A49002891C7 /* TMDBRouter.swift */; };
		5DE410961FC21A72002891C7 /* TMDBResults.swift in Sources */ = {isa = PBXBuildFile; fileRef = 5DE410951FC21A72002891C7 /* TMDBResults.swift */; };
		5DE410981FC27F3A002891C7 /* Movie.swift in Sources */ = {isa = PBXBuildFile; fileRef = 5DE410971FC27F3A002891C7 /* Movie.swift */; };
		5DE4109B1FC36676002891C7 /* AppViewController.swift in Sources */ = {isa = PBXBuildFile; fileRef = 5DE4109A1FC36676002891C7 /* AppViewController.swift */; };
		5DE4109D1FC366C1002891C7 /* Constants.swift in Sources */ = {isa = PBXBuildFile; fileRef = 5DE4109C1FC366C1002891C7 /* Constants.swift */; };
		5DE4109F1FC372BE002891C7 /* LoaderViewController.swift in Sources */ = {isa = PBXBuildFile; fileRef = 5DE4109E1FC372BE002891C7 /* LoaderViewController.swift */; };
		5DE410A21FC37F8D002891C7 /* LoaderReelView.swift in Sources */ = {isa = PBXBuildFile; fileRef = 5DE410A11FC37F8D002891C7 /* LoaderReelView.swift */; };
		5DE410A41FC399D2002891C7 /* MoviesCollectionViewController.swift in Sources */ = {isa = PBXBuildFile; fileRef = 5DE410A31FC399D2002891C7 /* MoviesCollectionViewController.swift */; };
		5DE410AF1FC3DE10002891C7 /* MovieCache.xcdatamodeld in Sources */ = {isa = PBXBuildFile; fileRef = 5DE410AD1FC3DE10002891C7 /* MovieCache.xcdatamodeld */; };
		5DE410B11FC3E44E002891C7 /* MovieCacheManager.swift in Sources */ = {isa = PBXBuildFile; fileRef = 5DE410B01FC3E44E002891C7 /* MovieCacheManager.swift */; };
/* End PBXBuildFile section */

/* Begin PBXFileReference section */
		5D5119D21FC401C600A66D30 /* CachedMovie+CoreDataClass.swift */ = {isa = PBXFileReference; lastKnownFileType = sourcecode.swift; path = "CachedMovie+CoreDataClass.swift"; sourceTree = "<group>"; };
		5D5119D31FC401C600A66D30 /* CachedMovie+CoreDataProperties.swift */ = {isa = PBXFileReference; lastKnownFileType = sourcecode.swift; path = "CachedMovie+CoreDataProperties.swift"; sourceTree = "<group>"; };
		5D5119D61FC417DA00A66D30 /* MovieManager.swift */ = {isa = PBXFileReference; lastKnownFileType = sourcecode.swift; path = MovieManager.swift; sourceTree = "<group>"; };
		5DE410671FC11FF6002891C7 /* LifebeamMovieApp.app */ = {isa = PBXFileReference; explicitFileType = wrapper.application; includeInIndex = 0; path = LifebeamMovieApp.app; sourceTree = BUILT_PRODUCTS_DIR; };
		5DE4106A1FC11FF6002891C7 /* AppDelegate.swift */ = {isa = PBXFileReference; lastKnownFileType = sourcecode.swift; path = AppDelegate.swift; sourceTree = "<group>"; };
		5DE4106F1FC11FF6002891C7 /* Base */ = {isa = PBXFileReference; lastKnownFileType = file.storyboard; name = Base; path = Base.lproj/Main.storyboard; sourceTree = "<group>"; };
		5DE410711FC11FF6002891C7 /* Assets.xcassets */ = {isa = PBXFileReference; lastKnownFileType = folder.assetcatalog; path = Assets.xcassets; sourceTree = "<group>"; };
		5DE410741FC11FF6002891C7 /* Base */ = {isa = PBXFileReference; lastKnownFileType = file.storyboard; name = Base; path = Base.lproj/LaunchScreen.storyboard; sourceTree = "<group>"; };
		5DE410761FC11FF6002891C7 /* Info.plist */ = {isa = PBXFileReference; lastKnownFileType = text.plist.xml; path = Info.plist; sourceTree = "<group>"; };
		5DE410871FC1373C002891C7 /* Networking.swift */ = {isa = PBXFileReference; fileEncoding = 4; lastKnownFileType = sourcecode.swift; path = Networking.swift; sourceTree = "<group>"; };
		5DE410881FC1373C002891C7 /* TMDBAPIClient.swift */ = {isa = PBXFileReference; fileEncoding = 4; lastKnownFileType = sourcecode.swift; path = TMDBAPIClient.swift; sourceTree = "<group>"; };
		5DE4108B1FC13744002891C7 /* Secrets.swift */ = {isa = PBXFileReference; fileEncoding = 4; lastKnownFileType = sourcecode.swift; path = Secrets.swift; sourceTree = "<group>"; };
		5DE4108D1FC1395D002891C7 /* Logger.swift */ = {isa = PBXFileReference; fileEncoding = 4; lastKnownFileType = sourcecode.swift; path = Logger.swift; sourceTree = "<group>"; };
		5DE410931FC21A49002891C7 /* TMDBRouter.swift */ = {isa = PBXFileReference; lastKnownFileType = sourcecode.swift; path = TMDBRouter.swift; sourceTree = "<group>"; };
		5DE410951FC21A72002891C7 /* TMDBResults.swift */ = {isa = PBXFileReference; lastKnownFileType = sourcecode.swift; path = TMDBResults.swift; sourceTree = "<group>"; };
		5DE410971FC27F3A002891C7 /* Movie.swift */ = {isa = PBXFileReference; lastKnownFileType = sourcecode.swift; path = Movie.swift; sourceTree = "<group>"; };
		5DE4109A1FC36676002891C7 /* AppViewController.swift */ = {isa = PBXFileReference; lastKnownFileType = sourcecode.swift; path = AppViewController.swift; sourceTree = "<group>"; };
		5DE4109C1FC366C1002891C7 /* Constants.swift */ = {isa = PBXFileReference; fileEncoding = 4; lastKnownFileType = sourcecode.swift; path = Constants.swift; sourceTree = "<group>"; };
		5DE4109E1FC372BE002891C7 /* LoaderViewController.swift */ = {isa = PBXFileReference; lastKnownFileType = sourcecode.swift; path = LoaderViewController.swift; sourceTree = "<group>"; };
		5DE410A11FC37F8D002891C7 /* LoaderReelView.swift */ = {isa = PBXFileReference; lastKnownFileType = sourcecode.swift; path = LoaderReelView.swift; sourceTree = "<group>"; };
		5DE410A31FC399D2002891C7 /* MoviesCollectionViewController.swift */ = {isa = PBXFileReference; lastKnownFileType = sourcecode.swift; path = MoviesCollectionViewController.swift; sourceTree = "<group>"; };
		5DE410AE1FC3DE10002891C7 /* MovieCache.xcdatamodel */ = {isa = PBXFileReference; lastKnownFileType = wrapper.xcdatamodel; path = MovieCache.xcdatamodel; sourceTree = "<group>"; };
		5DE410B01FC3E44E002891C7 /* MovieCacheManager.swift */ = {isa = PBXFileReference; lastKnownFileType = sourcecode.swift; path = MovieCacheManager.swift; sourceTree = "<group>"; };
/* End PBXFileReference section */

/* Begin PBXFrameworksBuildPhase section */
		5DE410641FC11FF6002891C7 /* Frameworks */ = {
			isa = PBXFrameworksBuildPhase;
			buildActionMask = 2147483647;
			files = (
			);
			runOnlyForDeploymentPostprocessing = 0;
		};
/* End PBXFrameworksBuildPhase section */

/* Begin PBXGroup section */
		5DE4105E1FC11FF6002891C7 = {
			isa = PBXGroup;
			children = (
				5DE410691FC11FF6002891C7 /* LifebeamMovieApp */,
				5DE410681FC11FF6002891C7 /* Products */,
			);
			sourceTree = "<group>";
		};
		5DE410681FC11FF6002891C7 /* Products */ = {
			isa = PBXGroup;
			children = (
				5DE410671FC11FF6002891C7 /* LifebeamMovieApp.app */,
			);
			name = Products;
			sourceTree = "<group>";
		};
		5DE410691FC11FF6002891C7 /* LifebeamMovieApp */ = {
			isa = PBXGroup;
			children = (
				5DE4106A1FC11FF6002891C7 /* AppDelegate.swift */,
				5DE410901FC13FA1002891C7 /* Model */,
				5DE410A01FC37F4C002891C7 /* View */,
				5DE410991FC3665B002891C7 /* Controller */,
				5DE410851FC13722002891C7 /* Networking */,
				5DE4108F1FC13962002891C7 /* Helpers */,
				5DE4107C1FC12518002891C7 /* Supporting Files */,
			);
			path = LifebeamMovieApp;
			sourceTree = "<group>";
		};
		5DE4107C1FC12518002891C7 /* Supporting Files */ = {
			isa = PBXGroup;
			children = (
				5DE4109C1FC366C1002891C7 /* Constants.swift */,
				5DE4108B1FC13744002891C7 /* Secrets.swift */,
				5DE4106E1FC11FF6002891C7 /* Main.storyboard */,
				5DE410711FC11FF6002891C7 /* Assets.xcassets */,
				5DE410731FC11FF6002891C7 /* LaunchScreen.storyboard */,
				5DE410761FC11FF6002891C7 /* Info.plist */,
			);
			path = "Supporting Files";
			sourceTree = "<group>";
		};
		5DE410851FC13722002891C7 /* Networking */ = {
			isa = PBXGroup;
			children = (
				5DE410871FC1373C002891C7 /* Networking.swift */,
				5DE410951FC21A72002891C7 /* TMDBResults.swift */,
				5DE410931FC21A49002891C7 /* TMDBRouter.swift */,
				5DE410881FC1373C002891C7 /* TMDBAPIClient.swift */,
			);
			path = Networking;
			sourceTree = "<group>";
		};
		5DE4108F1FC13962002891C7 /* Helpers */ = {
			isa = PBXGroup;
			children = (
				5DE4108D1FC1395D002891C7 /* Logger.swift */,
			);
			path = Helpers;
			sourceTree = "<group>";
		};
		5DE410901FC13FA1002891C7 /* Model */ = {
			isa = PBXGroup;
			children = (
				5DE410971FC27F3A002891C7 /* Movie.swift */,
				5D5119D61FC417DA00A66D30 /* MovieManager.swift */,
				5DE410D21FC3ED0C002891C7 /* Cache */,
			);
			path = Model;
			sourceTree = "<group>";
		};
		5DE410991FC3665B002891C7 /* Controller */ = {
			isa = PBXGroup;
			children = (
				5DE4109A1FC36676002891C7 /* AppViewController.swift */,
				5DE4109E1FC372BE002891C7 /* LoaderViewController.swift */,
				5DE410A31FC399D2002891C7 /* MoviesCollectionViewController.swift */,
			);
			path = Controller;
			sourceTree = "<group>";
		};
		5DE410A01FC37F4C002891C7 /* View */ = {
			isa = PBXGroup;
			children = (
				5DE410A11FC37F8D002891C7 /* LoaderReelView.swift */,
			);
			path = View;
			sourceTree = "<group>";
		};
		5DE410D21FC3ED0C002891C7 /* Cache */ = {
			isa = PBXGroup;
			children = (
				5D5119D21FC401C600A66D30 /* CachedMovie+CoreDataClass.swift */,
				5D5119D31FC401C600A66D30 /* CachedMovie+CoreDataProperties.swift */,
				5DE410AD1FC3DE10002891C7 /* MovieCache.xcdatamodeld */,
				5DE410B01FC3E44E002891C7 /* MovieCacheManager.swift */,
			);
			path = Cache;
			sourceTree = "<group>";
		};
/* End PBXGroup section */

/* Begin PBXNativeTarget section */
		5DE410661FC11FF6002891C7 /* LifebeamMovieApp */ = {
			isa = PBXNativeTarget;
			buildConfigurationList = 5DE410791FC11FF6002891C7 /* Build configuration list for PBXNativeTarget "LifebeamMovieApp" */;
			buildPhases = (
				5DE410631FC11FF6002891C7 /* Sources */,
				5DE410641FC11FF6002891C7 /* Frameworks */,
				5DE410651FC11FF6002891C7 /* Resources */,
			);
			buildRules = (
			);
			dependencies = (
			);
			name = LifebeamMovieApp;
			productName = LifebeamMovieApp;
			productReference = 5DE410671FC11FF6002891C7 /* LifebeamMovieApp.app */;
			productType = "com.apple.product-type.application";
		};
/* End PBXNativeTarget section */

/* Begin PBXProject section */
		5DE4105F1FC11FF6002891C7 /* Project object */ = {
			isa = PBXProject;
			attributes = {
				LastSwiftUpdateCheck = 0910;
				LastUpgradeCheck = 0910;
				ORGANIZATIONNAME = CraftedByCrazy;
				TargetAttributes = {
					5DE410661FC11FF6002891C7 = {
						CreatedOnToolsVersion = 9.1;
						ProvisioningStyle = Automatic;
					};
				};
			};
			buildConfigurationList = 5DE410621FC11FF6002891C7 /* Build configuration list for PBXProject "LifebeamMovieApp" */;
			compatibilityVersion = "Xcode 8.0";
			developmentRegion = en;
			hasScannedForEncodings = 0;
			knownRegions = (
				en,
				Base,
			);
			mainGroup = 5DE4105E1FC11FF6002891C7;
			productRefGroup = 5DE410681FC11FF6002891C7 /* Products */;
			projectDirPath = "";
			projectRoot = "";
			targets = (
				5DE410661FC11FF6002891C7 /* LifebeamMovieApp */,
			);
		};
/* End PBXProject section */

/* Begin PBXResourcesBuildPhase section */
		5DE410651FC11FF6002891C7 /* Resources */ = {
			isa = PBXResourcesBuildPhase;
			buildActionMask = 2147483647;
			files = (
				5DE410751FC11FF6002891C7 /* LaunchScreen.storyboard in Resources */,
				5DE410721FC11FF6002891C7 /* Assets.xcassets in Resources */,
				5DE410701FC11FF6002891C7 /* Main.storyboard in Resources */,
			);
			runOnlyForDeploymentPostprocessing = 0;
		};
/* End PBXResourcesBuildPhase section */

/* Begin PBXSourcesBuildPhase section */
		5DE410631FC11FF6002891C7 /* Sources */ = {
			isa = PBXSourcesBuildPhase;
			buildActionMask = 2147483647;
			files = (
				5DE4108E1FC1395D002891C7 /* Logger.swift in Sources */,
				5DE410941FC21A49002891C7 /* TMDBRouter.swift in Sources */,
				5DE4109F1FC372BE002891C7 /* LoaderViewController.swift in Sources */,
				5DE410A41FC399D2002891C7 /* MoviesCollectionViewController.swift in Sources */,
				5DE4106B1FC11FF6002891C7 /* AppDelegate.swift in Sources */,
				5DE4108C1FC13744002891C7 /* Secrets.swift in Sources */,
				5D5119D41FC401C600A66D30 /* CachedMovie+CoreDataClass.swift in Sources */,
				5DE4108A1FC1373C002891C7 /* TMDBAPIClient.swift in Sources */,
				5DE4109D1FC366C1002891C7 /* Constants.swift in Sources */,
				5DE410891FC1373C002891C7 /* Networking.swift in Sources */,
				5DE4109B1FC36676002891C7 /* AppViewController.swift in Sources */,
				5DE410B11FC3E44E002891C7 /* MovieCacheManager.swift in Sources */,
				5DE410A21FC37F8D002891C7 /* LoaderReelView.swift in Sources */,
				5DE410981FC27F3A002891C7 /* Movie.swift in Sources */,
				5DE410961FC21A72002891C7 /* TMDBResults.swift in Sources */,
				5D5119D51FC401C600A66D30 /* CachedMovie+CoreDataProperties.swift in Sources */,
				5D5119D71FC417DA00A66D30 /* MovieManager.swift in Sources */,
				5DE410AF1FC3DE10002891C7 /* MovieCache.xcdatamodeld in Sources */,
			);
			runOnlyForDeploymentPostprocessing = 0;
		};
/* End PBXSourcesBuildPhase section */

/* Begin PBXVariantGroup section */
		5DE4106E1FC11FF6002891C7 /* Main.storyboard */ = {
			isa = PBXVariantGroup;
			children = (
				5DE4106F1FC11FF6002891C7 /* Base */,
			);
			name = Main.storyboard;
			sourceTree = "<group>";
		};
		5DE410731FC11FF6002891C7 /* LaunchScreen.storyboard */ = {
			isa = PBXVariantGroup;
			children = (
				5DE410741FC11FF6002891C7 /* Base */,
			);
			name = LaunchScreen.storyboard;
			sourceTree = "<group>";
		};
/* End PBXVariantGroup section */

/* Begin XCBuildConfiguration section */
		5DE410771FC11FF6002891C7 /* Debug */ = {
			isa = XCBuildConfiguration;
			buildSettings = {
				ALWAYS_SEARCH_USER_PATHS = NO;
				CLANG_ANALYZER_NONNULL = YES;
				CLANG_ANALYZER_NUMBER_OBJECT_CONVERSION = YES_AGGRESSIVE;
				CLANG_CXX_LANGUAGE_STANDARD = "gnu++14";
				CLANG_CXX_LIBRARY = "libc++";
				CLANG_ENABLE_MODULES = YES;
				CLANG_ENABLE_OBJC_ARC = YES;
				CLANG_WARN_BLOCK_CAPTURE_AUTORELEASING = YES;
				CLANG_WARN_BOOL_CONVERSION = YES;
				CLANG_WARN_COMMA = YES;
				CLANG_WARN_CONSTANT_CONVERSION = YES;
				CLANG_WARN_DIRECT_OBJC_ISA_USAGE = YES_ERROR;
				CLANG_WARN_DOCUMENTATION_COMMENTS = YES;
				CLANG_WARN_EMPTY_BODY = YES;
				CLANG_WARN_ENUM_CONVERSION = YES;
				CLANG_WARN_INFINITE_RECURSION = YES;
				CLANG_WARN_INT_CONVERSION = YES;
				CLANG_WARN_NON_LITERAL_NULL_CONVERSION = YES;
				CLANG_WARN_OBJC_LITERAL_CONVERSION = YES;
				CLANG_WARN_OBJC_ROOT_CLASS = YES_ERROR;
				CLANG_WARN_RANGE_LOOP_ANALYSIS = YES;
				CLANG_WARN_STRICT_PROTOTYPES = YES;
				CLANG_WARN_SUSPICIOUS_MOVE = YES;
				CLANG_WARN_UNGUARDED_AVAILABILITY = YES_AGGRESSIVE;
				CLANG_WARN_UNREACHABLE_CODE = YES;
				CLANG_WARN__DUPLICATE_METHOD_MATCH = YES;
				CODE_SIGN_IDENTITY = "iPhone Developer";
				COPY_PHASE_STRIP = NO;
				DEBUG_INFORMATION_FORMAT = dwarf;
				ENABLE_STRICT_OBJC_MSGSEND = YES;
				ENABLE_TESTABILITY = YES;
				GCC_C_LANGUAGE_STANDARD = gnu11;
				GCC_DYNAMIC_NO_PIC = NO;
				GCC_NO_COMMON_BLOCKS = YES;
				GCC_OPTIMIZATION_LEVEL = 0;
				GCC_PREPROCESSOR_DEFINITIONS = (
					"DEBUG=1",
					"$(inherited)",
				);
				GCC_WARN_64_TO_32_BIT_CONVERSION = YES;
				GCC_WARN_ABOUT_RETURN_TYPE = YES_ERROR;
				GCC_WARN_UNDECLARED_SELECTOR = YES;
				GCC_WARN_UNINITIALIZED_AUTOS = YES_AGGRESSIVE;
				GCC_WARN_UNUSED_FUNCTION = YES;
				GCC_WARN_UNUSED_VARIABLE = YES;
				IPHONEOS_DEPLOYMENT_TARGET = 11.1;
				MTL_ENABLE_DEBUG_INFO = YES;
				ONLY_ACTIVE_ARCH = YES;
				SDKROOT = iphoneos;
				SWIFT_ACTIVE_COMPILATION_CONDITIONS = DEBUG;
				SWIFT_OPTIMIZATION_LEVEL = "-Onone";
			};
			name = Debug;
		};
		5DE410781FC11FF6002891C7 /* Release */ = {
			isa = XCBuildConfiguration;
			buildSettings = {
				ALWAYS_SEARCH_USER_PATHS = NO;
				CLANG_ANALYZER_NONNULL = YES;
				CLANG_ANALYZER_NUMBER_OBJECT_CONVERSION = YES_AGGRESSIVE;
				CLANG_CXX_LANGUAGE_STANDARD = "gnu++14";
				CLANG_CXX_LIBRARY = "libc++";
				CLANG_ENABLE_MODULES = YES;
				CLANG_ENABLE_OBJC_ARC = YES;
				CLANG_WARN_BLOCK_CAPTURE_AUTORELEASING = YES;
				CLANG_WARN_BOOL_CONVERSION = YES;
				CLANG_WARN_COMMA = YES;
				CLANG_WARN_CONSTANT_CONVERSION = YES;
				CLANG_WARN_DIRECT_OBJC_ISA_USAGE = YES_ERROR;
				CLANG_WARN_DOCUMENTATION_COMMENTS = YES;
				CLANG_WARN_EMPTY_BODY = YES;
				CLANG_WARN_ENUM_CONVERSION = YES;
				CLANG_WARN_INFINITE_RECURSION = YES;
				CLANG_WARN_INT_CONVERSION = YES;
				CLANG_WARN_NON_LITERAL_NULL_CONVERSION = YES;
				CLANG_WARN_OBJC_LITERAL_CONVERSION = YES;
				CLANG_WARN_OBJC_ROOT_CLASS = YES_ERROR;
				CLANG_WARN_RANGE_LOOP_ANALYSIS = YES;
				CLANG_WARN_STRICT_PROTOTYPES = YES;
				CLANG_WARN_SUSPICIOUS_MOVE = YES;
				CLANG_WARN_UNGUARDED_AVAILABILITY = YES_AGGRESSIVE;
				CLANG_WARN_UNREACHABLE_CODE = YES;
				CLANG_WARN__DUPLICATE_METHOD_MATCH = YES;
				CODE_SIGN_IDENTITY = "iPhone Developer";
				COPY_PHASE_STRIP = NO;
				DEBUG_INFORMATION_FORMAT = "dwarf-with-dsym";
				ENABLE_NS_ASSERTIONS = NO;
				ENABLE_STRICT_OBJC_MSGSEND = YES;
				GCC_C_LANGUAGE_STANDARD = gnu11;
				GCC_NO_COMMON_BLOCKS = YES;
				GCC_WARN_64_TO_32_BIT_CONVERSION = YES;
				GCC_WARN_ABOUT_RETURN_TYPE = YES_ERROR;
				GCC_WARN_UNDECLARED_SELECTOR = YES;
				GCC_WARN_UNINITIALIZED_AUTOS = YES_AGGRESSIVE;
				GCC_WARN_UNUSED_FUNCTION = YES;
				GCC_WARN_UNUSED_VARIABLE = YES;
				IPHONEOS_DEPLOYMENT_TARGET = 11.1;
				MTL_ENABLE_DEBUG_INFO = NO;
				SDKROOT = iphoneos;
				SWIFT_OPTIMIZATION_LEVEL = "-Owholemodule";
				VALIDATE_PRODUCT = YES;
			};
			name = Release;
		};
		5DE4107A1FC11FF6002891C7 /* Debug */ = {
			isa = XCBuildConfiguration;
			buildSettings = {
				ASSETCATALOG_COMPILER_APPICON_NAME = AppIcon;
				CODE_SIGN_STYLE = Automatic;
				DEVELOPMENT_TEAM = KHZ7KMZGFR;
				INFOPLIST_FILE = "$(SRCROOT)/LifebeamMovieApp/Supporting Files/Info.plist";
				IPHONEOS_DEPLOYMENT_TARGET = 11.0;
				LD_RUNPATH_SEARCH_PATHS = "$(inherited) @executable_path/Frameworks";
				PRODUCT_BUNDLE_IDENTIFIER = com.CraftedByCrazy.LifebeamMovieApp;
				PRODUCT_NAME = "$(TARGET_NAME)";
				SWIFT_VERSION = 4.0;
				TARGETED_DEVICE_FAMILY = 1;
			};
			name = Debug;
		};
		5DE4107B1FC11FF6002891C7 /* Release */ = {
			isa = XCBuildConfiguration;
			buildSettings = {
				ASSETCATALOG_COMPILER_APPICON_NAME = AppIcon;
				CODE_SIGN_STYLE = Automatic;
				DEVELOPMENT_TEAM = KHZ7KMZGFR;
				INFOPLIST_FILE = "$(SRCROOT)/LifebeamMovieApp/Supporting Files/Info.plist";
				IPHONEOS_DEPLOYMENT_TARGET = 11.0;
				LD_RUNPATH_SEARCH_PATHS = "$(inherited) @executable_path/Frameworks";
				PRODUCT_BUNDLE_IDENTIFIER = com.CraftedByCrazy.LifebeamMovieApp;
				PRODUCT_NAME = "$(TARGET_NAME)";
				SWIFT_VERSION = 4.0;
				TARGETED_DEVICE_FAMILY = 1;
			};
			name = Release;
		};
/* End XCBuildConfiguration section */

/* Begin XCConfigurationList section */
		5DE410621FC11FF6002891C7 /* Build configuration list for PBXProject "LifebeamMovieApp" */ = {
			isa = XCConfigurationList;
			buildConfigurations = (
				5DE410771FC11FF6002891C7 /* Debug */,
				5DE410781FC11FF6002891C7 /* Release */,
			);
			defaultConfigurationIsVisible = 0;
			defaultConfigurationName = Release;
		};
		5DE410791FC11FF6002891C7 /* Build configuration list for PBXNativeTarget "LifebeamMovieApp" */ = {
			isa = XCConfigurationList;
			buildConfigurations = (
				5DE4107A1FC11FF6002891C7 /* Debug */,
				5DE4107B1FC11FF6002891C7 /* Release */,
			);
			defaultConfigurationIsVisible = 0;
			defaultConfigurationName = Release;
		};
/* End XCConfigurationList section */

/* Begin XCVersionGroup section */
		5DE410AD1FC3DE10002891C7 /* MovieCache.xcdatamodeld */ = {
			isa = XCVersionGroup;
			children = (
				5DE410AE1FC3DE10002891C7 /* MovieCache.xcdatamodel */,
			);
			currentVersion = 5DE410AE1FC3DE10002891C7 /* MovieCache.xcdatamodel */;
			path = MovieCache.xcdatamodeld;
			sourceTree = "<group>";
			versionGroupType = wrapper.xcdatamodel;
		};
/* End XCVersionGroup section */
	};
	rootObject = 5DE4105F1FC11FF6002891C7 /* Project object */;
}
